
Microsoft Visual Studio Solution File, Format Version 12.00
# Visual Studio Version 16
VisualStudioVersion = 16.0.30011.22
MinimumVisualStudioVersion = 10.0.40219.1
Project("{9A19103F-16F7-4668-BE54-9A1E7A4F7556}") = "Multithreading", "Multithreading\Multithreading.csproj", "{EFE7AC4A-856E-4CEC-80CD-73893B349C24}"
EndProject
Project("{FAE04EC0-301F-11D3-BF4B-00C04F79EFBC}") = "DelegatesOrchestrator", "DelegatesOrchestrator\DelegatesOrchestrator.csproj", "{FDE740F9-534B-4CC6-A88C-3A3CE1962171}"
EndProject
Global
	GlobalSection(SolutionConfigurationPlatforms) = preSolution
		Debug|Any CPU = Debug|Any CPU
		Release|Any CPU = Release|Any CPU
	EndGlobalSection
	GlobalSection(ProjectConfigurationPlatforms) = postSolution
		{EFE7AC4A-856E-4CEC-80CD-73893B349C24}.Debug|Any CPU.ActiveCfg = Debug|Any CPU
		{EFE7AC4A-856E-4CEC-80CD-73893B349C24}.Debug|Any CPU.Build.0 = Debug|Any CPU
		{EFE7AC4A-856E-4CEC-80CD-73893B349C24}.Release|Any CPU.ActiveCfg = Release|Any CPU
		{EFE7AC4A-856E-4CEC-80CD-73893B349C24}.Release|Any CPU.Build.0 = Release|Any CPU
		{FDE740F9-534B-4CC6-A88C-3A3CE1962171}.Debug|Any CPU.ActiveCfg = Debug|Any CPU
		{FDE740F9-534B-4CC6-A88C-3A3CE1962171}.Debug|Any CPU.Build.0 = Debug|Any CPU
		{FDE740F9-534B-4CC6-A88C-3A3CE1962171}.Release|Any CPU.ActiveCfg = Release|Any CPU
		{FDE740F9-534B-4CC6-A88C-3A3CE1962171}.Release|Any CPU.Build.0 = Release|Any CPU
	EndGlobalSection
	GlobalSection(SolutionProperties) = preSolution
		HideSolutionNode = FALSE
	EndGlobalSection
	GlobalSection(ExtensibilityGlobals) = postSolution
		SolutionGuid = {F2FC381D-9C4C-4539-B19A-42A523A55C22}
	EndGlobalSection
EndGlobal
